<Solution>
  <Folder Name="/Core/">
    <Project Path="src/AFR.Core/AFR.Core.shproj" />
    <Project Path="src/AFR.UI/AFR.UI.shproj" />
  </Folder>
  <Folder Name="/AutoCAD/">
    <Project Path="src/AutoCAD/AFR-ACAD2024/AFR-ACAD2024.csproj" Id="ef353915-2d9e-4201-a253-5363e8a7de1c" />
    <Project Path="src/AutoCAD/AFR-ACAD2026/AFR-ACAD2026.csproj" />
    <Project Path="src/AutoCAD/AFR.AutoCAD/AFR.AutoCAD.shproj" />
  </Folder>
</Solution>
